
Microsoft Visual Studio Solution File, Format Version 12.00
# Visual Studio Version 17
VisualStudioVersion = 17.11.35327.3
MinimumVisualStudioVersion = 10.0.40219.1
Project("{FAE04EC0-301F-11D3-BF4B-00C04F79EFBC}") = "ODS", "ODS\ODS.csproj", "{4F1492C2-E921-44E2-A54E-2B373E53638C}"
EndProject
Global
	GlobalSection(SolutionConfigurationPlatforms) = preSolution
		Debug|Any CPU = Debug|Any CPU
		Release|Any CPU = Release|Any CPU
	EndGlobalSection
	GlobalSection(ProjectConfigurationPlatforms) = postSolution
		{4F1492C2-E921-44E2-A54E-2B373E53638C}.Debug|Any CPU.ActiveCfg = Debug|Any CPU
		{4F1492C2-E921-44E2-A54E-2B373E53638C}.Debug|Any CPU.Build.0 = Debug|Any CPU
		{4F1492C2-E921-44E2-A54E-2B373E53638C}.Release|Any CPU.ActiveCfg = Debug|Any CPU
		{4F1492C2-E921-44E2-A54E-2B373E53638C}.Release|Any CPU.Build.0 = Debug|Any CPU
	EndGlobalSection
	GlobalSection(SolutionProperties) = preSolution
		HideSolutionNode = FALSE
	EndGlobalSection
	GlobalSection(ExtensibilityGlobals) = postSolution
		SolutionGuid = {1C6738F8-46FD-4947-9315-66462BE68EEF}
	EndGlobalSection
EndGlobal
